
Microsoft Visual Studio Solution File, Format Version 12.00
# Visual Studio 15
VisualStudioVersion = 15.0.28307.489
MinimumVisualStudioVersion = 10.0.40219.1
Project("{FAE04EC0-301F-11D3-BF4B-00C04F79EFBC}") = "Mosquitto", "Mosquitto\Mosquitto.csproj", "{CC2504D4-200E-41D2-8684-C48C5456150A}"
EndProject
Global
	GlobalSection(SolutionConfigurationPlatforms) = preSolution
		Debug|Any CPU = Debug|Any CPU
		Release|Any CPU = Release|Any CPU
	EndGlobalSection
	GlobalSection(ProjectConfigurationPlatforms) = postSolution
		{CC2504D4-200E-41D2-8684-C48C5456150A}.Debug|Any CPU.ActiveCfg = Debug|Any CPU
		{CC2504D4-200E-41D2-8684-C48C5456150A}.Debug|Any CPU.Build.0 = Debug|Any CPU
		{CC2504D4-200E-41D2-8684-C48C5456150A}.Release|Any CPU.ActiveCfg = Release|Any CPU
		{CC2504D4-200E-41D2-8684-C48C5456150A}.Release|Any CPU.Build.0 = Release|Any CPU
	EndGlobalSection
	GlobalSection(SolutionProperties) = preSolution
		HideSolutionNode = FALSE
	EndGlobalSection
	GlobalSection(ExtensibilityGlobals) = postSolution
		SolutionGuid = {27D0F156-2D66-4109-8AC8-2344BC6DD7D6}
	EndGlobalSection
EndGlobal
